// !$*UTF8*$!
{
	archiveVersion = 1;
	classes = {
	};
	objectVersion = 50;
	objects = {

/* Begin PBXBuildFile section */
		A48D8A8D2388075900C76733 /* AppDelegate.swift in Sources */ = {isa = PBXBuildFile; fileRef = A48D8A8C2388075900C76733 /* AppDelegate.swift */; };
		A48D8A8F2388075900C76733 /* ViewController.swift in Sources */ = {isa = PBXBuildFile; fileRef = A48D8A8E2388075900C76733 /* ViewController.swift */; };
		A48D8A922388075900C76733 /* Main.storyboard in Resources */ = {isa = PBXBuildFile; fileRef = A48D8A902388075900C76733 /* Main.storyboard */; };
		A48D8A952388075900C76733 /* AccountReport.xcdatamodeld in Sources */ = {isa = PBXBuildFile; fileRef = A48D8A932388075900C76733 /* AccountReport.xcdatamodeld */; };
		A48D8A972388075C00C76733 /* Assets.xcassets in Resources */ = {isa = PBXBuildFile; fileRef = A48D8A962388075C00C76733 /* Assets.xcassets */; };
		A48D8A9A2388075D00C76733 /* LaunchScreen.storyboard in Resources */ = {isa = PBXBuildFile; fileRef = A48D8A982388075D00C76733 /* LaunchScreen.storyboard */; };
/* End PBXBuildFile section */

/* Begin PBXFileReference section */
		A48D8A892388075900C76733 /* AccountReport.app */ = {isa = PBXFileReference; explicitFileType = wrapper.application; includeInIndex = 0; path = AccountReport.app; sourceTree = BUILT_PRODUCTS_DIR; };
		A48D8A8C2388075900C76733 /* AppDelegate.swift */ = {isa = PBXFileReference; lastKnownFileType = sourcecode.swift; path = AppDelegate.swift; sourceTree = "<group>"; };
		A48D8A8E2388075900C76733 /* ViewController.swift */ = {isa = PBXFileReference; lastKnownFileType = sourcecode.swift; path = ViewController.swift; sourceTree = "<group>"; };
		A48D8A912388075900C76733 /* Base */ = {isa = PBXFileReference; lastKnownFileType = file.storyboard; name = Base; path = Base.lproj/Main.storyboard; sourceTree = "<group>"; };
		A48D8A942388075900C76733 /* AccountReport.xcdatamodel */ = {isa = PBXFileReference; lastKnownFileType = wrapper.xcdatamodel; path = AccountReport.xcdatamodel; sourceTree = "<group>"; };
		A48D8A962388075C00C76733 /* Assets.xcassets */ = {isa = PBXFileReference; lastKnownFileType = folder.assetcatalog; path = Assets.xcassets; sourceTree = "<group>"; };
		A48D8A992388075D00C76733 /* Base */ = {isa = PBXFileReference; lastKnownFileType = file.storyboard; name = Base; path = Base.lproj/LaunchScreen.storyboard; sourceTree = "<group>"; };
		A48D8A9B2388075D00C76733 /* Info.plist */ = {isa = PBXFileReference; lastKnownFileType = text.plist.xml; path = Info.plist; sourceTree = "<group>"; };
/* End PBXFileReference section */

/* Begin PBXFrameworksBuildPhase section */
		A48D8A862388075900C76733 /* Frameworks */ = {
			isa = PBXFrameworksBuildPhase;
			buildActionMask = 2147483647;
			files = (
			);
			runOnlyForDeploymentPostprocessing = 0;
		};
/* End PBXFrameworksBuildPhase section */

/* Begin PBXGroup section */
		A48D8A802388075900C76733 = {
			isa = PBXGroup;
			children = (
				A48D8A8B2388075900C76733 /* AccountReport */,
				A48D8A8A2388075900C76733 /* Products */,
			);
			sourceTree = "<group>";
		};
		A48D8A8A2388075900C76733 /* Products */ = {
			isa = PBXGroup;
			children = (
				A48D8A892388075900C76733 /* AccountReport.app */,
			);
			name = Products;
			sourceTree = "<group>";
		};
		A48D8A8B2388075900C76733 /* AccountReport */ = {
			isa = PBXGroup;
			children = (
				A48D8A8C2388075900C76733 /* AppDelegate.swift */,
				A48D8A8E2388075900C76733 /* ViewController.swift */,
				A48D8A902388075900C76733 /* Main.storyboard */,
				A48D8A962388075C00C76733 /* Assets.xcassets */,
				A48D8A982388075D00C76733 /* LaunchScreen.storyboard */,
				A48D8A9B2388075D00C76733 /* Info.plist */,
				A48D8A932388075900C76733 /* AccountReport.xcdatamodeld */,
			);
			path = AccountReport;
			sourceTree = "<group>";
		};
/* End PBXGroup section */

/* Begin PBXNativeTarget section */
		A48D8A882388075900C76733 /* AccountReport */ = {
			isa = PBXNativeTarget;
			buildConfigurationList = A48D8A9E2388075D00C76733 /* Build configuration list for PBXNativeTarget "AccountReport" */;
			buildPhases = (
				A48D8A852388075900C76733 /* Sources */,
				A48D8A862388075900C76733 /* Frameworks */,
				A48D8A872388075900C76733 /* Resources */,
			);
			buildRules = (
			);
			dependencies = (
			);
			name = AccountReport;
			productName = AccountReport;
			productReference = A48D8A892388075900C76733 /* AccountReport.app */;
			productType = "com.apple.product-type.application";
		};
/* End PBXNativeTarget section */

/* Begin PBXProject section */
		A48D8A812388075900C76733 /* Project object */ = {
			isa = PBXProject;
			attributes = {
				LastSwiftUpdateCheck = 1030;
				LastUpgradeCheck = 1030;
				ORGANIZATIONNAME = sun;
				TargetAttributes = {
					A48D8A882388075900C76733 = {
						CreatedOnToolsVersion = 10.3;
					};
				};
			};
			buildConfigurationList = A48D8A842388075900C76733 /* Build configuration list for PBXProject "AccountReport" */;
			compatibilityVersion = "Xcode 9.3";
			developmentRegion = en;
			hasScannedForEncodings = 0;
			knownRegions = (
				en,
				Base,
			);
			mainGroup = A48D8A802388075900C76733;
			productRefGroup = A48D8A8A2388075900C76733 /* Products */;
			projectDirPath = "";
			projectRoot = "";
			targets = (
				A48D8A882388075900C76733 /* AccountReport */,
			);
		};
/* End PBXProject section */

/* Begin PBXResourcesBuildPhase section */
		A48D8A872388075900C76733 /* Resources */ = {
			isa = PBXResourcesBuildPhase;
			buildActionMask = 2147483647;
			files = (
				A48D8A9A2388075D00C76733 /* LaunchScreen.storyboard in Resources */,
				A48D8A972388075C00C76733 /* Assets.xcassets in Resources */,
				A48D8A922388075900C76733 /* Main.storyboard in Resources */,
			);
			runOnlyForDeploymentPostprocessing = 0;
		};
/* End PBXResourcesBuildPhase section */

/* Begin PBXSourcesBuildPhase section */
		A48D8A852388075900C76733 /* Sources */ = {
			isa = PBXSourcesBuildPhase;
			buildActionMask = 2147483647;
			files = (
				A48D8A8F2388075900C76733 /* ViewController.swift in Sources */,
				A48D8A952388075900C76733 /* AccountReport.xcdatamodeld in Sources */,
				A48D8A8D2388075900C76733 /* AppDelegate.swift in Sources */,
			);
			runOnlyForDeploymentPostprocessing = 0;
		};
/* End PBXSourcesBuildPhase section */

/* Begin PBXVariantGroup section */
		A48D8A902388075900C76733 /* Main.storyboard */ = {
			isa = PBXVariantGroup;
			children = (
				A48D8A912388075900C76733 /* Base */,
			);
			name = Main.storyboard;
			sourceTree = "<group>";
		};
		A48D8A982388075D00C76733 /* LaunchScreen.storyboard */ = {
			isa = PBXVariantGroup;
			children = (
				A48D8A992388075D00C76733 /* Base */,
			);
			name = LaunchScreen.storyboard;
			sourceTree = "<group>";
		};
/* End PBXVariantGroup section */

/* Begin XCBuildConfiguration section */
		A48D8A9C2388075D00C76733 /* Debug */ = {
			isa = XCBuildConfiguration;
			buildSettings = {
				ALWAYS_SEARCH_USER_PATHS = NO;
				CLANG_ANALYZER_NONNULL = YES;
				CLANG_ANALYZER_NUMBER_OBJECT_CONVERSION = YES_AGGRESSIVE;
				CLANG_CXX_LANGUAGE_STANDARD = "gnu++14";
				CLANG_CXX_LIBRARY = "libc++";
				CLANG_ENABLE_MODULES = YES;
				CLANG_ENABLE_OBJC_ARC = YES;
				CLANG_ENABLE_OBJC_WEAK = YES;
				CLANG_WARN_BLOCK_CAPTURE_AUTORELEASING = YES;
				CLANG_WARN_BOOL_CONVERSION = YES;
				CLANG_WARN_COMMA = YES;
				CLANG_WARN_CONSTANT_CONVERSION = YES;
				CLANG_WARN_DEPRECATED_OBJC_IMPLEMENTATIONS = YES;
				CLANG_WARN_DIRECT_OBJC_ISA_USAGE = YES_ERROR;
				CLANG_WARN_DOCUMENTATION_COMMENTS = YES;
				CLANG_WARN_EMPTY_BODY = YES;
				CLANG_WARN_ENUM_CONVERSION = YES;
				CLANG_WARN_INFINITE_RECURSION = YES;
				CLANG_WARN_INT_CONVERSION = YES;
				CLANG_WARN_NON_LITERAL_NULL_CONVERSION = YES;
				CLANG_WARN_OBJC_IMPLICIT_RETAIN_SELF = YES;
				CLANG_WARN_OBJC_LITERAL_CONVERSION = YES;
				CLANG_WARN_OBJC_ROOT_CLASS = YES_ERROR;
				CLANG_WARN_RANGE_LOOP_ANALYSIS = YES;
				CLANG_WARN_STRICT_PROTOTYPES = YES;
				CLANG_WARN_SUSPICIOUS_MOVE = YES;
				CLANG_WARN_UNGUARDED_AVAILABILITY = YES_AGGRESSIVE;
				CLANG_WARN_UNREACHABLE_CODE = YES;
				CLANG_WARN__DUPLICATE_METHOD_MATCH = YES;
				CODE_SIGN_IDENTITY = "iPhone Developer";
				COPY_PHASE_STRIP = NO;
				DEBUG_INFORMATION_FORMAT = dwarf;
				ENABLE_STRICT_OBJC_MSGSEND = YES;
				ENABLE_TESTABILITY = YES;
				GCC_C_LANGUAGE_STANDARD = gnu11;
				GCC_DYNAMIC_NO_PIC = NO;
				GCC_NO_COMMON_BLOCKS = YES;
				GCC_OPTIMIZATION_LEVEL = 0;
				GCC_PREPROCESSOR_DEFINITIONS = (
					"DEBUG=1",
					"$(inherited)",
				);
				GCC_WARN_64_TO_32_BIT_CONVERSION = YES;
				GCC_WARN_ABOUT_RETURN_TYPE = YES_ERROR;
				GCC_WARN_UNDECLARED_SELECTOR = YES;
				GCC_WARN_UNINITIALIZED_AUTOS = YES_AGGRESSIVE;
				GCC_WARN_UNUSED_FUNCTION = YES;
				GCC_WARN_UNUSED_VARIABLE = YES;
				IPHONEOS_DEPLOYMENT_TARGET = 12.4;
				MTL_ENABLE_DEBUG_INFO = INCLUDE_SOURCE;
				MTL_FAST_MATH = YES;
				ONLY_ACTIVE_ARCH = YES;
				SDKROOT = iphoneos;
				SWIFT_ACTIVE_COMPILATION_CONDITIONS = DEBUG;
				SWIFT_OPTIMIZATION_LEVEL = "-Onone";
			};
			name = Debug;
		};
		A48D8A9D2388075D00C76733 /* Release */ = {
			isa = XCBuildConfiguration;
			buildSettings = {
				ALWAYS_SEARCH_USER_PATHS = NO;
				CLANG_ANALYZER_NONNULL = YES;
				CLANG_ANALYZER_NUMBER_OBJECT_CONVERSION = YES_AGGRESSIVE;
				CLANG_CXX_LANGUAGE_STANDARD = "gnu++14";
				CLANG_CXX_LIBRARY = "libc++";
				CLANG_ENABLE_MODULES = YES;
				CLANG_ENABLE_OBJC_ARC = YES;
				CLANG_ENABLE_OBJC_WEAK = YES;
				CLANG_WARN_BLOCK_CAPTURE_AUTORELEASING = YES;
				CLANG_WARN_BOOL_CONVERSION = YES;
				CLANG_WARN_COMMA = YES;
				CLANG_WARN_CONSTANT_CONVERSION = YES;
				CLANG_WARN_DEPRECATED_OBJC_IMPLEMENTATIONS = YES;
				CLANG_WARN_DIRECT_OBJC_ISA_USAGE = YES_ERROR;
				CLANG_WARN_DOCUMENTATION_COMMENTS = YES;
				CLANG_WARN_EMPTY_BODY = YES;
				CLANG_WARN_ENUM_CONVERSION = YES;
				CLANG_WARN_INFINITE_RECURSION = YES;
				CLANG_WARN_INT_CONVERSION = YES;
				CLANG_WARN_NON_LITERAL_NULL_CONVERSION = YES;
				CLANG_WARN_OBJC_IMPLICIT_RETAIN_SELF = YES;
				CLANG_WARN_OBJC_LITERAL_CONVERSION = YES;
				CLANG_WARN_OBJC_ROOT_CLASS = YES_ERROR;
				CLANG_WARN_RANGE_LOOP_ANALYSIS = YES;
				CLANG_WARN_STRICT_PROTOTYPES = YES;
				CLANG_WARN_SUSPICIOUS_MOVE = YES;
				CLANG_WARN_UNGUARDED_AVAILABILITY = YES_AGGRESSIVE;
				CLANG_WARN_UNREACHABLE_CODE = YES;
				CLANG_WARN__DUPLICATE_METHOD_MATCH = YES;
				CODE_SIGN_IDENTITY = "iPhone Developer";
				COPY_PHASE_STRIP = NO;
				DEBUG_INFORMATION_FORMAT = "dwarf-with-dsym";
				ENABLE_NS_ASSERTIONS = NO;
				ENABLE_STRICT_OBJC_MSGSEND = YES;
				GCC_C_LANGUAGE_STANDARD = gnu11;
				GCC_NO_COMMON_BLOCKS = YES;
				GCC_WARN_64_TO_32_BIT_CONVERSION = YES;
				GCC_WARN_ABOUT_RETURN_TYPE = YES_ERROR;
				GCC_WARN_UNDECLARED_SELECTOR = YES;
				GCC_WARN_UNINITIALIZED_AUTOS = YES_AGGRESSIVE;
				GCC_WARN_UNUSED_FUNCTION = YES;
				GCC_WARN_UNUSED_VARIABLE = YES;
				IPHONEOS_DEPLOYMENT_TARGET = 12.4;
				MTL_ENABLE_DEBUG_INFO = NO;
				MTL_FAST_MATH = YES;
				SDKROOT = iphoneos;
				SWIFT_COMPILATION_MODE = wholemodule;
				SWIFT_OPTIMIZATION_LEVEL = "-O";
				VALIDATE_PRODUCT = YES;
			};
			name = Release;
		};
		A48D8A9F2388075D00C76733 /* Debug */ = {
			isa = XCBuildConfiguration;
			buildSettings = {
				ASSETCATALOG_COMPILER_APPICON_NAME = AppIcon;
				CODE_SIGN_STYLE = Automatic;
				DEVELOPMENT_TEAM = 2Q39S762VC;
				INFOPLIST_FILE = AccountReport/Info.plist;
				LD_RUNPATH_SEARCH_PATHS = (
					"$(inherited)",
					"@executable_path/Frameworks",
				);
				PRODUCT_BUNDLE_IDENTIFIER = com.sun.AccountReport;
				PRODUCT_NAME = "$(TARGET_NAME)";
				SWIFT_VERSION = 5.0;
				TARGETED_DEVICE_FAMILY = "1,2";
			};
			name = Debug;
		};
		A48D8AA02388075D00C76733 /* Release */ = {
			isa = XCBuildConfiguration;
			buildSettings = {
				ASSETCATALOG_COMPILER_APPICON_NAME = AppIcon;
				CODE_SIGN_STYLE = Automatic;
				DEVELOPMENT_TEAM = 2Q39S762VC;
				INFOPLIST_FILE = AccountReport/Info.plist;
				LD_RUNPATH_SEARCH_PATHS = (
					"$(inherited)",
					"@executable_path/Frameworks",
				);
				PRODUCT_BUNDLE_IDENTIFIER = com.sun.AccountReport;
				PRODUCT_NAME = "$(TARGET_NAME)";
				SWIFT_VERSION = 5.0;
				TARGETED_DEVICE_FAMILY = "1,2";
			};
			name = Release;
		};
/* End XCBuildConfiguration section */

/* Begin XCConfigurationList section */
		A48D8A842388075900C76733 /* Build configuration list for PBXProject "AccountReport" */ = {
			isa = XCConfigurationList;
			buildConfigurations = (
				A48D8A9C2388075D00C76733 /* Debug */,
				A48D8A9D2388075D00C76733 /* Release */,
			);
			defaultConfigurationIsVisible = 0;
			defaultConfigurationName = Release;
		};
		A48D8A9E2388075D00C76733 /* Build configuration list for PBXNativeTarget "AccountReport" */ = {
			isa = XCConfigurationList;
			buildConfigurations = (
				A48D8A9F2388075D00C76733 /* Debug */,
				A48D8AA02388075D00C76733 /* Release */,
			);
			defaultConfigurationIsVisible = 0;
			defaultConfigurationName = Release;
		};
/* End XCConfigurationList section */

/* Begin XCVersionGroup section */
		A48D8A932388075900C76733 /* AccountReport.xcdatamodeld */ = {
			isa = XCVersionGroup;
			children = (
				A48D8A942388075900C76733 /* AccountReport.xcdatamodel */,
			);
			currentVersion = A48D8A942388075900C76733 /* AccountReport.xcdatamodel */;
			path = AccountReport.xcdatamodeld;
			sourceTree = "<group>";
			versionGroupType = wrapper.xcdatamodel;
		};
/* End XCVersionGroup section */
	};
	rootObject = A48D8A812388075900C76733 /* Project object */;
}
